
Microsoft Visual Studio Solution File, Format Version 10.00
# Visual Studio 2008
Project("{FAE04EC0-301F-11D3-BF4B-00C04F79EFBC}") = "OptecTCF Driver", "OptecTCF Driver.csproj", "{1DD8D600-1E1E-469E-8F57-2CB4BD7AA34C}"
EndProject
Project("{54435603-DBB4-11D2-8724-00A0C9A8B90C}") = "OptecTCFSetup_x64", "..\Installer64\OptecTCFSetup_x64\OptecTCFSetup_x64.vdproj", "{DF4EC6C3-89EE-412D-8693-AC3FFE0B07D0}"
EndProject
Project("{54435603-DBB4-11D2-8724-00A0C9A8B90C}") = "OptecTCFSetup_x86", "..\Installer32\OptecTCFSetup_x86\OptecTCFSetup_x86.vdproj", "{53108F59-3949-4786-9867-29ABAA7D4A3D}"
EndProject
Global
	GlobalSection(SolutionConfigurationPlatforms) = preSolution
		Debug|Any CPU = Debug|Any CPU
		Debug|x64 = Debug|x64
		Debug|x86 = Debug|x86
		Release|Any CPU = Release|Any CPU
		Release|x64 = Release|x64
		Release|x86 = Release|x86
	EndGlobalSection
	GlobalSection(ProjectConfigurationPlatforms) = postSolution
		{1DD8D600-1E1E-469E-8F57-2CB4BD7AA34C}.Debug|Any CPU.ActiveCfg = Debug|Any CPU
		{1DD8D600-1E1E-469E-8F57-2CB4BD7AA34C}.Debug|Any CPU.Build.0 = Debug|Any CPU
		{1DD8D600-1E1E-469E-8F57-2CB4BD7AA34C}.Debug|x64.ActiveCfg = Debug|Any CPU
		{1DD8D600-1E1E-469E-8F57-2CB4BD7AA34C}.Debug|x64.Build.0 = Debug|Any CPU
		{1DD8D600-1E1E-469E-8F57-2CB4BD7AA34C}.Debug|x86.ActiveCfg = Debug|x86
		{1DD8D600-1E1E-469E-8F57-2CB4BD7AA34C}.Debug|x86.Build.0 = Debug|x86
		{1DD8D600-1E1E-469E-8F57-2CB4BD7AA34C}.Release|Any CPU.ActiveCfg = Release|Any CPU
		{1DD8D600-1E1E-469E-8F57-2CB4BD7AA34C}.Release|Any CPU.Build.0 = Release|Any CPU
		{1DD8D600-1E1E-469E-8F57-2CB4BD7AA34C}.Release|x64.ActiveCfg = Release|x64
		{1DD8D600-1E1E-469E-8F57-2CB4BD7AA34C}.Release|x64.Build.0 = Release|x64
		{1DD8D600-1E1E-469E-8F57-2CB4BD7AA34C}.Release|x86.ActiveCfg = Release|x86
		{1DD8D600-1E1E-469E-8F57-2CB4BD7AA34C}.Release|x86.Build.0 = Release|x86
		{DF4EC6C3-89EE-412D-8693-AC3FFE0B07D0}.Debug|Any CPU.ActiveCfg = Debug
		{DF4EC6C3-89EE-412D-8693-AC3FFE0B07D0}.Debug|Any CPU.Build.0 = Debug
		{DF4EC6C3-89EE-412D-8693-AC3FFE0B07D0}.Debug|x64.ActiveCfg = Debug
		{DF4EC6C3-89EE-412D-8693-AC3FFE0B07D0}.Debug|x86.ActiveCfg = Debug
		{DF4EC6C3-89EE-412D-8693-AC3FFE0B07D0}.Release|Any CPU.ActiveCfg = Release
		{DF4EC6C3-89EE-412D-8693-AC3FFE0B07D0}.Release|Any CPU.Build.0 = Release
		{DF4EC6C3-89EE-412D-8693-AC3FFE0B07D0}.Release|x64.ActiveCfg = Release
		{DF4EC6C3-89EE-412D-8693-AC3FFE0B07D0}.Release|x86.ActiveCfg = Release
		{53108F59-3949-4786-9867-29ABAA7D4A3D}.Debug|Any CPU.ActiveCfg = Debug
		{53108F59-3949-4786-9867-29ABAA7D4A3D}.Debug|Any CPU.Build.0 = Debug
		{53108F59-3949-4786-9867-29ABAA7D4A3D}.Debug|x64.ActiveCfg = Debug
		{53108F59-3949-4786-9867-29ABAA7D4A3D}.Debug|x86.ActiveCfg = Debug
		{53108F59-3949-4786-9867-29ABAA7D4A3D}.Release|Any CPU.ActiveCfg = Release
		{53108F59-3949-4786-9867-29ABAA7D4A3D}.Release|Any CPU.Build.0 = Release
		{53108F59-3949-4786-9867-29ABAA7D4A3D}.Release|x64.ActiveCfg = Release
		{53108F59-3949-4786-9867-29ABAA7D4A3D}.Release|x86.ActiveCfg = Release
	EndGlobalSection
	GlobalSection(SolutionProperties) = preSolution
		HideSolutionNode = FALSE
	EndGlobalSection
EndGlobal
