
Microsoft Visual Studio Solution File, Format Version 11.00
# Visual Studio 2010
Project("{FAE04EC0-301F-11D3-BF4B-00C04F79EFBC}") = "Bootstrapper.Test.ConsoleApplication", "Bootstrapper.Test.ConsoleApplication\Bootstrapper.Test.ConsoleApplication.csproj", "{3F6FDD90-113D-4710-823D-49481B210278}"
EndProject
Project("{930C7802-8A8C-48F9-8165-68863BCCD9DD}") = "Bootstrapper.Test.Installer", "Bootstrapper.Test.Installer\Bootstrapper.Test.Installer.wixproj", "{2E395694-D9F9-4912-BC29-C0246536DD18}"
EndProject
Project("{2150E333-8FDC-42A3-9474-1A3956D46DE8}") = "Bootstrapper Manifest Projects", "Bootstrapper Manifest Projects", "{F221FA48-16D1-4866-803F-A92F1703B649}"
	ProjectSection(SolutionItems) = preProject
		Bootstrapper Manifest Projects\ASCOM Platform 5.0b.VSBootstrapperManifest = Bootstrapper Manifest Projects\ASCOM Platform 5.0b.VSBootstrapperManifest
		Bootstrapper Manifest Projects\ASCOM Platform 5.5.1.VSBootstrapperManifest = Bootstrapper Manifest Projects\ASCOM Platform 5.5.1.VSBootstrapperManifest
		Bootstrapper Manifest Projects\Prerequisites.BootstrapperProject = Bootstrapper Manifest Projects\Prerequisites.BootstrapperProject
	EndProjectSection
EndProject
Project("{2150E333-8FDC-42A3-9474-1A3956D46DE8}") = "Bootstrapper Packages", "Bootstrapper Packages", "{E3533792-3E7C-40D2-8FFE-0514C8D4F521}"
EndProject
Project("{2150E333-8FDC-42A3-9474-1A3956D46DE8}") = "ASCOM Platform 5.0b", "ASCOM Platform 5.0b", "{F28DFFD1-BB09-4FA3-AFCB-0168466D63A3}"
	ProjectSection(SolutionItems) = preProject
		Bootstrapper Packages\Packages\ASCOM Platform 5.0b\ascomplatform5b.msi = Bootstrapper Packages\Packages\ASCOM Platform 5.0b\ascomplatform5b.msi
		Bootstrapper Packages\Packages\ASCOM Platform 5.0b\product.xml = Bootstrapper Packages\Packages\ASCOM Platform 5.0b\product.xml
	EndProjectSection
EndProject
Project("{2150E333-8FDC-42A3-9474-1A3956D46DE8}") = "ASCOM Platform 5.5.1 Updater", "ASCOM Platform 5.5.1 Updater", "{60745E1B-67B0-4586-A337-A30D040F7554}"
	ProjectSection(SolutionItems) = preProject
		Bootstrapper Packages\Packages\ASCOM Platform 5.5.1 Updater\ascomplatform5.5.1update.exe = Bootstrapper Packages\Packages\ASCOM Platform 5.5.1 Updater\ascomplatform5.5.1update.exe
		Bootstrapper Packages\Packages\ASCOM Platform 5.5.1 Updater\product.xml = Bootstrapper Packages\Packages\ASCOM Platform 5.5.1 Updater\product.xml
	EndProjectSection
EndProject
Project("{2150E333-8FDC-42A3-9474-1A3956D46DE8}") = "en", "en", "{4F8C0FF5-1533-4EF2-8E2B-B6EC427E9B3C}"
	ProjectSection(SolutionItems) = preProject
		Bootstrapper Packages\Packages\ASCOM Platform 5.0b\en\package.xml = Bootstrapper Packages\Packages\ASCOM Platform 5.0b\en\package.xml
	EndProjectSection
EndProject
Project("{2150E333-8FDC-42A3-9474-1A3956D46DE8}") = "en", "en", "{604FDBBD-0068-4724-9D98-DDDFDEFDE6B8}"
	ProjectSection(SolutionItems) = preProject
		Bootstrapper Packages\Packages\ASCOM Platform 5.5.1 Updater\en\package.xml = Bootstrapper Packages\Packages\ASCOM Platform 5.5.1 Updater\en\package.xml
	EndProjectSection
EndProject
Global
	GlobalSection(SolutionConfigurationPlatforms) = preSolution
		Debug|x86 = Debug|x86
		Release|x86 = Release|x86
	EndGlobalSection
	GlobalSection(ProjectConfigurationPlatforms) = postSolution
		{3F6FDD90-113D-4710-823D-49481B210278}.Debug|x86.ActiveCfg = Debug|x86
		{3F6FDD90-113D-4710-823D-49481B210278}.Debug|x86.Build.0 = Debug|x86
		{3F6FDD90-113D-4710-823D-49481B210278}.Release|x86.ActiveCfg = Release|x86
		{3F6FDD90-113D-4710-823D-49481B210278}.Release|x86.Build.0 = Release|x86
		{2E395694-D9F9-4912-BC29-C0246536DD18}.Debug|x86.ActiveCfg = Debug|x86
		{2E395694-D9F9-4912-BC29-C0246536DD18}.Debug|x86.Build.0 = Debug|x86
		{2E395694-D9F9-4912-BC29-C0246536DD18}.Release|x86.ActiveCfg = Release|x86
		{2E395694-D9F9-4912-BC29-C0246536DD18}.Release|x86.Build.0 = Release|x86
	EndGlobalSection
	GlobalSection(SolutionProperties) = preSolution
		HideSolutionNode = FALSE
	EndGlobalSection
	GlobalSection(NestedProjects) = preSolution
		{F28DFFD1-BB09-4FA3-AFCB-0168466D63A3} = {E3533792-3E7C-40D2-8FFE-0514C8D4F521}
		{60745E1B-67B0-4586-A337-A30D040F7554} = {E3533792-3E7C-40D2-8FFE-0514C8D4F521}
		{4F8C0FF5-1533-4EF2-8E2B-B6EC427E9B3C} = {F28DFFD1-BB09-4FA3-AFCB-0168466D63A3}
		{604FDBBD-0068-4724-9D98-DDDFDEFDE6B8} = {60745E1B-67B0-4586-A337-A30D040F7554}
	EndGlobalSection
	GlobalSection(ExtensibilityGlobals) = postSolution
		VisualSVNWorkingCopyRoot = .
	EndGlobalSection
EndGlobal
