
Microsoft Visual Studio Solution File, Format Version 11.00
# Visual Studio 2010
Project("{FAE04EC0-301F-11D3-BF4B-00C04F79EFBC}") = "SwitchSimulatorDriver", "SwitchSimulatorDriver.csproj", "{C423D505-B4E4-4116-8560-8D9ADFCBD838}"
EndProject
Project("{FAE04EC0-301F-11D3-BF4B-00C04F79EFBC}") = "SwitchConsoleTest", "..\SwitchConsole\SwitchConsoleTest.csproj", "{2B0526EE-AF0D-446D-A6C2-EC350E790C25}"
EndProject
Global
	GlobalSection(SolutionConfigurationPlatforms) = preSolution
		Debug|Any CPU = Debug|Any CPU
		Debug|x86 = Debug|x86
		Peter|Any CPU = Peter|Any CPU
		Peter|x86 = Peter|x86
		Release|Any CPU = Release|Any CPU
		Release|x86 = Release|x86
	EndGlobalSection
	GlobalSection(ProjectConfigurationPlatforms) = postSolution
		{C423D505-B4E4-4116-8560-8D9ADFCBD838}.Debug|Any CPU.ActiveCfg = Debug|Any CPU
		{C423D505-B4E4-4116-8560-8D9ADFCBD838}.Debug|Any CPU.Build.0 = Debug|Any CPU
		{C423D505-B4E4-4116-8560-8D9ADFCBD838}.Debug|x86.ActiveCfg = Debug|x86
		{C423D505-B4E4-4116-8560-8D9ADFCBD838}.Debug|x86.Build.0 = Debug|x86
		{C423D505-B4E4-4116-8560-8D9ADFCBD838}.Peter|Any CPU.ActiveCfg = Peter|Any CPU
		{C423D505-B4E4-4116-8560-8D9ADFCBD838}.Peter|Any CPU.Build.0 = Peter|Any CPU
		{C423D505-B4E4-4116-8560-8D9ADFCBD838}.Peter|x86.ActiveCfg = Peter|x86
		{C423D505-B4E4-4116-8560-8D9ADFCBD838}.Peter|x86.Build.0 = Peter|x86
		{C423D505-B4E4-4116-8560-8D9ADFCBD838}.Release|Any CPU.ActiveCfg = Release|Any CPU
		{C423D505-B4E4-4116-8560-8D9ADFCBD838}.Release|Any CPU.Build.0 = Release|Any CPU
		{C423D505-B4E4-4116-8560-8D9ADFCBD838}.Release|x86.ActiveCfg = Release|x86
		{C423D505-B4E4-4116-8560-8D9ADFCBD838}.Release|x86.Build.0 = Release|x86
		{2B0526EE-AF0D-446D-A6C2-EC350E790C25}.Debug|Any CPU.ActiveCfg = Debug|Any CPU
		{2B0526EE-AF0D-446D-A6C2-EC350E790C25}.Debug|Any CPU.Build.0 = Debug|Any CPU
		{2B0526EE-AF0D-446D-A6C2-EC350E790C25}.Debug|x86.ActiveCfg = Debug|x86
		{2B0526EE-AF0D-446D-A6C2-EC350E790C25}.Debug|x86.Build.0 = Debug|x86
		{2B0526EE-AF0D-446D-A6C2-EC350E790C25}.Peter|Any CPU.ActiveCfg = Release|x86
		{2B0526EE-AF0D-446D-A6C2-EC350E790C25}.Peter|x86.ActiveCfg = Release|x86
		{2B0526EE-AF0D-446D-A6C2-EC350E790C25}.Peter|x86.Build.0 = Release|x86
		{2B0526EE-AF0D-446D-A6C2-EC350E790C25}.Release|Any CPU.ActiveCfg = Release|Any CPU
		{2B0526EE-AF0D-446D-A6C2-EC350E790C25}.Release|Any CPU.Build.0 = Release|Any CPU
		{2B0526EE-AF0D-446D-A6C2-EC350E790C25}.Release|x86.ActiveCfg = Release|x86
		{2B0526EE-AF0D-446D-A6C2-EC350E790C25}.Release|x86.Build.0 = Release|x86
	EndGlobalSection
	GlobalSection(SolutionProperties) = preSolution
		HideSolutionNode = FALSE
	EndGlobalSection
EndGlobal
