
Microsoft Visual Studio Solution File, Format Version 10.00
# Visual Studio 2008
Project("{FAE04EC0-301F-11D3-BF4B-00C04F79EFBC}") = "ASCOM.PowerShell.Cmdlets", "ASCOMPowerShellCmdlets\ASCOM.PowerShell.Cmdlets.csproj", "{03E45323-63A5-4B49-838D-7A13368F2036}"
EndProject
Project("{54435603-DBB4-11D2-8724-00A0C9A8B90C}") = "AscomPowerShellSnapinSetup", "AscomPowerShellSnapinSetup\AscomPowerShellSnapinSetup.vdproj", "{E46CFD10-7EFC-49ED-BB81-C269764C96ED}"
EndProject
Global
	GlobalSection(SolutionConfigurationPlatforms) = preSolution
		Debug|Any CPU = Debug|Any CPU
		Release|Any CPU = Release|Any CPU
	EndGlobalSection
	GlobalSection(ProjectConfigurationPlatforms) = postSolution
		{03E45323-63A5-4B49-838D-7A13368F2036}.Debug|Any CPU.ActiveCfg = Debug|Any CPU
		{03E45323-63A5-4B49-838D-7A13368F2036}.Debug|Any CPU.Build.0 = Debug|Any CPU
		{03E45323-63A5-4B49-838D-7A13368F2036}.Release|Any CPU.ActiveCfg = Release|Any CPU
		{03E45323-63A5-4B49-838D-7A13368F2036}.Release|Any CPU.Build.0 = Release|Any CPU
		{E46CFD10-7EFC-49ED-BB81-C269764C96ED}.Debug|Any CPU.ActiveCfg = Debug
		{E46CFD10-7EFC-49ED-BB81-C269764C96ED}.Release|Any CPU.ActiveCfg = Release
	EndGlobalSection
	GlobalSection(SolutionProperties) = preSolution
		HideSolutionNode = FALSE
	EndGlobalSection
EndGlobal
