
Microsoft Visual Studio Solution File, Format Version 11.00
# Visual Studio 2010
Project("{FAE04EC0-301F-11D3-BF4B-00C04F79EFBC}") = "PyxisLE_API", "PyxisLE API\PyxisLE_API.csproj", "{550D78D4-A958-4A57-8EA1-753E83747B99}"
EndProject
Project("{FAE04EC0-301F-11D3-BF4B-00C04F79EFBC}") = "PyxisLE_Control", "PyxisLE Control App\PyxisLE_Control.csproj", "{5343ADF9-2AC8-4E37-8E58-C0525EF38756}"
EndProject
Project("{2150E333-8FDC-42A3-9474-1A3956D46DE8}") = "Dependencies", "Dependencies", "{E15F69FD-C22A-4400-87F2-E5204F2C62A3}"
EndProject
Project("{FAE04EC0-301F-11D3-BF4B-00C04F79EFBC}") = "OptecHIDTools", "Dependencies\OptecHID\OptecHIDTools.csproj", "{9786A9B9-97B9-4B23-AF39-4514AF45DEED}"
EndProject
Project("{54435603-DBB4-11D2-8724-00A0C9A8B90C}") = "PyxisLE_Setup_x86", "PyxisLE_Setup_x86\PyxisLE_Setup_x86.vdproj", "{EE1AA195-47B1-4046-BB87-C3AC76864540}"
EndProject
Project("{FAE04EC0-301F-11D3-BF4B-00C04F79EFBC}") = "PyxisLE_ASCOM", "PyxisLE_ASCOM\PyxisLE_ASCOM.csproj", "{E22760F3-EED4-4E0C-AE8D-A2B45022B088}"
EndProject
Project("{2150E333-8FDC-42A3-9474-1A3956D46DE8}") = "Solution Items", "Solution Items", "{5ED7521D-1D51-4FA9-9535-30721CD01FD2}"
	ProjectSection(SolutionItems) = preProject
		SolutionVersion.cs = SolutionVersion.cs
	EndProjectSection
EndProject
Project("{54435603-DBB4-11D2-8724-00A0C9A8B90C}") = "PyxisLE_Setup_x64", "PyxisLE_Setup_x64\PyxisLE_Setup_x64.vdproj", "{1FEF9284-8DFD-4914-AF4B-FAE95C1254DF}"
EndProject
Project("{FAE04EC0-301F-11D3-BF4B-00C04F79EFBC}") = "TestHarness", "TestHarness\TestHarness.csproj", "{9AA37BD2-D14E-4402-AB83-4B7E3508A02D}"
EndProject
Project("{FAE04EC0-301F-11D3-BF4B-00C04F79EFBC}") = "Optec.EventLogger", "Dependencies\Optec.EventLogger\Optec.EventLogger.csproj", "{9EC2D59F-5842-43FA-A943-625B23295484}"
EndProject
Global
	GlobalSection(SolutionConfigurationPlatforms) = preSolution
		Debug|Any CPU = Debug|Any CPU
		Debug|x86 = Debug|x86
		Release|Any CPU = Release|Any CPU
		Release|x86 = Release|x86
	EndGlobalSection
	GlobalSection(ProjectConfigurationPlatforms) = postSolution
		{550D78D4-A958-4A57-8EA1-753E83747B99}.Debug|Any CPU.ActiveCfg = Debug|Any CPU
		{550D78D4-A958-4A57-8EA1-753E83747B99}.Debug|Any CPU.Build.0 = Debug|Any CPU
		{550D78D4-A958-4A57-8EA1-753E83747B99}.Debug|x86.ActiveCfg = Debug|x86
		{550D78D4-A958-4A57-8EA1-753E83747B99}.Debug|x86.Build.0 = Debug|x86
		{550D78D4-A958-4A57-8EA1-753E83747B99}.Release|Any CPU.ActiveCfg = Release|Any CPU
		{550D78D4-A958-4A57-8EA1-753E83747B99}.Release|Any CPU.Build.0 = Release|Any CPU
		{550D78D4-A958-4A57-8EA1-753E83747B99}.Release|x86.ActiveCfg = Release|x86
		{550D78D4-A958-4A57-8EA1-753E83747B99}.Release|x86.Build.0 = Release|x86
		{5343ADF9-2AC8-4E37-8E58-C0525EF38756}.Debug|Any CPU.ActiveCfg = Debug|Any CPU
		{5343ADF9-2AC8-4E37-8E58-C0525EF38756}.Debug|Any CPU.Build.0 = Debug|Any CPU
		{5343ADF9-2AC8-4E37-8E58-C0525EF38756}.Debug|x86.ActiveCfg = Debug|x86
		{5343ADF9-2AC8-4E37-8E58-C0525EF38756}.Debug|x86.Build.0 = Debug|x86
		{5343ADF9-2AC8-4E37-8E58-C0525EF38756}.Release|Any CPU.ActiveCfg = Release|Any CPU
		{5343ADF9-2AC8-4E37-8E58-C0525EF38756}.Release|Any CPU.Build.0 = Release|Any CPU
		{5343ADF9-2AC8-4E37-8E58-C0525EF38756}.Release|x86.ActiveCfg = Release|x86
		{5343ADF9-2AC8-4E37-8E58-C0525EF38756}.Release|x86.Build.0 = Release|x86
		{9786A9B9-97B9-4B23-AF39-4514AF45DEED}.Debug|Any CPU.ActiveCfg = Debug|Any CPU
		{9786A9B9-97B9-4B23-AF39-4514AF45DEED}.Debug|Any CPU.Build.0 = Debug|Any CPU
		{9786A9B9-97B9-4B23-AF39-4514AF45DEED}.Debug|x86.ActiveCfg = Debug|x86
		{9786A9B9-97B9-4B23-AF39-4514AF45DEED}.Debug|x86.Build.0 = Debug|x86
		{9786A9B9-97B9-4B23-AF39-4514AF45DEED}.Release|Any CPU.ActiveCfg = Release|Any CPU
		{9786A9B9-97B9-4B23-AF39-4514AF45DEED}.Release|Any CPU.Build.0 = Release|Any CPU
		{9786A9B9-97B9-4B23-AF39-4514AF45DEED}.Release|x86.ActiveCfg = Release|x86
		{9786A9B9-97B9-4B23-AF39-4514AF45DEED}.Release|x86.Build.0 = Release|x86
		{EE1AA195-47B1-4046-BB87-C3AC76864540}.Debug|Any CPU.ActiveCfg = Debug
		{EE1AA195-47B1-4046-BB87-C3AC76864540}.Debug|x86.ActiveCfg = Debug
		{EE1AA195-47B1-4046-BB87-C3AC76864540}.Release|Any CPU.ActiveCfg = Release
		{EE1AA195-47B1-4046-BB87-C3AC76864540}.Release|Any CPU.Build.0 = Release
		{EE1AA195-47B1-4046-BB87-C3AC76864540}.Release|x86.ActiveCfg = Release
		{E22760F3-EED4-4E0C-AE8D-A2B45022B088}.Debug|Any CPU.ActiveCfg = Debug|Any CPU
		{E22760F3-EED4-4E0C-AE8D-A2B45022B088}.Debug|Any CPU.Build.0 = Debug|Any CPU
		{E22760F3-EED4-4E0C-AE8D-A2B45022B088}.Debug|x86.ActiveCfg = Debug|x86
		{E22760F3-EED4-4E0C-AE8D-A2B45022B088}.Debug|x86.Build.0 = Debug|x86
		{E22760F3-EED4-4E0C-AE8D-A2B45022B088}.Release|Any CPU.ActiveCfg = Release|Any CPU
		{E22760F3-EED4-4E0C-AE8D-A2B45022B088}.Release|Any CPU.Build.0 = Release|Any CPU
		{E22760F3-EED4-4E0C-AE8D-A2B45022B088}.Release|x86.ActiveCfg = Release|x86
		{E22760F3-EED4-4E0C-AE8D-A2B45022B088}.Release|x86.Build.0 = Release|x86
		{1FEF9284-8DFD-4914-AF4B-FAE95C1254DF}.Debug|Any CPU.ActiveCfg = Debug
		{1FEF9284-8DFD-4914-AF4B-FAE95C1254DF}.Debug|x86.ActiveCfg = Debug
		{1FEF9284-8DFD-4914-AF4B-FAE95C1254DF}.Release|Any CPU.ActiveCfg = Release
		{1FEF9284-8DFD-4914-AF4B-FAE95C1254DF}.Release|Any CPU.Build.0 = Release
		{1FEF9284-8DFD-4914-AF4B-FAE95C1254DF}.Release|x86.ActiveCfg = Release
		{9AA37BD2-D14E-4402-AB83-4B7E3508A02D}.Debug|Any CPU.ActiveCfg = Debug|Any CPU
		{9AA37BD2-D14E-4402-AB83-4B7E3508A02D}.Debug|x86.ActiveCfg = Debug|x86
		{9AA37BD2-D14E-4402-AB83-4B7E3508A02D}.Debug|x86.Build.0 = Debug|x86
		{9AA37BD2-D14E-4402-AB83-4B7E3508A02D}.Release|Any CPU.ActiveCfg = Release|x86
		{9AA37BD2-D14E-4402-AB83-4B7E3508A02D}.Release|Any CPU.Build.0 = Release|x86
		{9AA37BD2-D14E-4402-AB83-4B7E3508A02D}.Release|x86.ActiveCfg = Release|x86
		{9AA37BD2-D14E-4402-AB83-4B7E3508A02D}.Release|x86.Build.0 = Release|x86
		{9EC2D59F-5842-43FA-A943-625B23295484}.Debug|Any CPU.ActiveCfg = Debug|Any CPU
		{9EC2D59F-5842-43FA-A943-625B23295484}.Debug|Any CPU.Build.0 = Debug|Any CPU
		{9EC2D59F-5842-43FA-A943-625B23295484}.Debug|x86.ActiveCfg = Debug|x86
		{9EC2D59F-5842-43FA-A943-625B23295484}.Debug|x86.Build.0 = Debug|x86
		{9EC2D59F-5842-43FA-A943-625B23295484}.Release|Any CPU.ActiveCfg = Release|Any CPU
		{9EC2D59F-5842-43FA-A943-625B23295484}.Release|Any CPU.Build.0 = Release|Any CPU
		{9EC2D59F-5842-43FA-A943-625B23295484}.Release|x86.ActiveCfg = Release|x86
		{9EC2D59F-5842-43FA-A943-625B23295484}.Release|x86.Build.0 = Release|x86
	EndGlobalSection
	GlobalSection(SolutionProperties) = preSolution
		HideSolutionNode = FALSE
	EndGlobalSection
	GlobalSection(NestedProjects) = preSolution
		{9786A9B9-97B9-4B23-AF39-4514AF45DEED} = {E15F69FD-C22A-4400-87F2-E5204F2C62A3}
		{9EC2D59F-5842-43FA-A943-625B23295484} = {E15F69FD-C22A-4400-87F2-E5204F2C62A3}
	EndGlobalSection
EndGlobal
