
Microsoft Visual Studio Solution File, Format Version 9.00
# Visual Studio 2005
Project("{FAE04EC0-301F-11D3-BF4B-00C04F79EFBC}") = "InstallerGen", "InstallerGen.csproj", "{A4006FB9-7B26-44C6-B66A-E3A1EFA85D16}"
EndProject
Project("{FAE04EC0-301F-11D3-BF4B-00C04F79EFBC}") = "WinFormsExtras", "..\WinFormsExtras\WinFormsExtras.csproj", "{AB4FE9A1-B71D-4710-AA18-2F9DE496F43B}"
EndProject
Global
	GlobalSection(SolutionConfigurationPlatforms) = preSolution
		Debug|Any CPU = Debug|Any CPU
		Release|Any CPU = Release|Any CPU
	EndGlobalSection
	GlobalSection(ProjectConfigurationPlatforms) = postSolution
		{A4006FB9-7B26-44C6-B66A-E3A1EFA85D16}.Debug|Any CPU.ActiveCfg = Debug|Any CPU
		{A4006FB9-7B26-44C6-B66A-E3A1EFA85D16}.Debug|Any CPU.Build.0 = Debug|Any CPU
		{A4006FB9-7B26-44C6-B66A-E3A1EFA85D16}.Release|Any CPU.ActiveCfg = Release|Any CPU
		{A4006FB9-7B26-44C6-B66A-E3A1EFA85D16}.Release|Any CPU.Build.0 = Release|Any CPU
		{AB4FE9A1-B71D-4710-AA18-2F9DE496F43B}.Debug|Any CPU.ActiveCfg = Debug|Any CPU
		{AB4FE9A1-B71D-4710-AA18-2F9DE496F43B}.Debug|Any CPU.Build.0 = Debug|Any CPU
		{AB4FE9A1-B71D-4710-AA18-2F9DE496F43B}.Release|Any CPU.ActiveCfg = Release|Any CPU
		{AB4FE9A1-B71D-4710-AA18-2F9DE496F43B}.Release|Any CPU.Build.0 = Release|Any CPU
	EndGlobalSection
	GlobalSection(SolutionProperties) = preSolution
		HideSolutionNode = FALSE
	EndGlobalSection
EndGlobal
