
Microsoft Visual Studio Solution File, Format Version 10.00
# Visual Studio 2008
Project("{FAE04EC0-301F-11D3-BF4B-00C04F79EFBC}") = "OptecHID_FilterWheelAPI", "OptecHID_FilterWheelAPI.csproj", "{31C3CED5-E02F-4B99-BC57-4B6E552A5ED2}"
EndProject
Project("{2150E333-8FDC-42A3-9474-1A3956D46DE8}") = "Dependencies", "Dependencies", "{B9CEE0E9-C6B5-4D67-9167-E72B9629D31D}"
EndProject
Project("{FAE04EC0-301F-11D3-BF4B-00C04F79EFBC}") = "OptecHIDTools", "..\Dependencies\OptecHID\OptecHIDTools.csproj", "{9786A9B9-97B9-4B23-AF39-4514AF45DEED}"
EndProject
Global
	GlobalSection(SolutionConfigurationPlatforms) = preSolution
		Debug|Any CPU = Debug|Any CPU
		Release|Any CPU = Release|Any CPU
	EndGlobalSection
	GlobalSection(ProjectConfigurationPlatforms) = postSolution
		{31C3CED5-E02F-4B99-BC57-4B6E552A5ED2}.Debug|Any CPU.ActiveCfg = Debug|Any CPU
		{31C3CED5-E02F-4B99-BC57-4B6E552A5ED2}.Debug|Any CPU.Build.0 = Debug|Any CPU
		{31C3CED5-E02F-4B99-BC57-4B6E552A5ED2}.Release|Any CPU.ActiveCfg = Release|Any CPU
		{31C3CED5-E02F-4B99-BC57-4B6E552A5ED2}.Release|Any CPU.Build.0 = Release|Any CPU
		{9786A9B9-97B9-4B23-AF39-4514AF45DEED}.Debug|Any CPU.ActiveCfg = Debug|Any CPU
		{9786A9B9-97B9-4B23-AF39-4514AF45DEED}.Debug|Any CPU.Build.0 = Debug|Any CPU
		{9786A9B9-97B9-4B23-AF39-4514AF45DEED}.Release|Any CPU.ActiveCfg = Release|Any CPU
		{9786A9B9-97B9-4B23-AF39-4514AF45DEED}.Release|Any CPU.Build.0 = Release|Any CPU
	EndGlobalSection
	GlobalSection(SolutionProperties) = preSolution
		HideSolutionNode = FALSE
	EndGlobalSection
	GlobalSection(NestedProjects) = preSolution
		{9786A9B9-97B9-4B23-AF39-4514AF45DEED} = {B9CEE0E9-C6B5-4D67-9167-E72B9629D31D}
	EndGlobalSection
EndGlobal
