
Microsoft Visual Studio Solution File, Format Version 12.00
# Visual Studio 2013
VisualStudioVersion = 12.0.40629.0
MinimumVisualStudioVersion = 10.0.40219.1
Project("{F184B08F-C81C-45F6-A57F-5ABD9991F28F}") = "Examples", "Examples\Examples.vbproj", "{AE1B820F-AB93-4BA9-B3DC-DF55EB333835}"
EndProject
Project("{FAE04EC0-301F-11D3-BF4B-00C04F79EFBC}") = "ClientToolkitSampleCSharp", "ASCOM.DriverAccess Example\ClientToolkitSampleCSharp.csproj", "{87939133-B6B9-4677-9CB3-5EFBC6EF5A2C}"
EndProject
Global
	GlobalSection(SolutionConfigurationPlatforms) = preSolution
		Debug|Any CPU = Debug|Any CPU
		Release|Any CPU = Release|Any CPU
	EndGlobalSection
	GlobalSection(ProjectConfigurationPlatforms) = postSolution
		{AE1B820F-AB93-4BA9-B3DC-DF55EB333835}.Debug|Any CPU.ActiveCfg = Debug|Any CPU
		{AE1B820F-AB93-4BA9-B3DC-DF55EB333835}.Debug|Any CPU.Build.0 = Debug|Any CPU
		{AE1B820F-AB93-4BA9-B3DC-DF55EB333835}.Release|Any CPU.ActiveCfg = Release|Any CPU
		{AE1B820F-AB93-4BA9-B3DC-DF55EB333835}.Release|Any CPU.Build.0 = Release|Any CPU
		{87939133-B6B9-4677-9CB3-5EFBC6EF5A2C}.Debug|Any CPU.ActiveCfg = Debug|Any CPU
		{87939133-B6B9-4677-9CB3-5EFBC6EF5A2C}.Debug|Any CPU.Build.0 = Debug|Any CPU
		{87939133-B6B9-4677-9CB3-5EFBC6EF5A2C}.Release|Any CPU.ActiveCfg = Release|Any CPU
		{87939133-B6B9-4677-9CB3-5EFBC6EF5A2C}.Release|Any CPU.Build.0 = Release|Any CPU
	EndGlobalSection
	GlobalSection(SolutionProperties) = preSolution
		HideSolutionNode = FALSE
	EndGlobalSection
	GlobalSection(ExtensibilityGlobals) = postSolution
		VisualSVNWorkingCopyRoot = .
	EndGlobalSection
EndGlobal
