
Microsoft Visual Studio Solution File, Format Version 10.00
# Visual Studio 2008
Project("{FAE04EC0-301F-11D3-BF4B-00C04F79EFBC}") = "ASCOMPowerShellCmdlets", "ASCOMPowerShellCmdlets\ASCOMPowerShellCmdlets.csproj", "{03E45323-63A5-4B49-838D-7A13368F2036}"
EndProject
Global
	GlobalSection(SolutionConfigurationPlatforms) = preSolution
		Debug|Any CPU = Debug|Any CPU
		Release|Any CPU = Release|Any CPU
	EndGlobalSection
	GlobalSection(ProjectConfigurationPlatforms) = postSolution
		{03E45323-63A5-4B49-838D-7A13368F2036}.Debug|Any CPU.ActiveCfg = Debug|Any CPU
		{03E45323-63A5-4B49-838D-7A13368F2036}.Debug|Any CPU.Build.0 = Debug|Any CPU
		{03E45323-63A5-4B49-838D-7A13368F2036}.Release|Any CPU.ActiveCfg = Release|Any CPU
		{03E45323-63A5-4B49-838D-7A13368F2036}.Release|Any CPU.Build.0 = Release|Any CPU
	EndGlobalSection
	GlobalSection(SolutionProperties) = preSolution
		HideSolutionNode = FALSE
	EndGlobalSection
EndGlobal
