
Microsoft Visual Studio Solution File, Format Version 10.00
# Visual Studio 2008
Project("{FAE04EC0-301F-11D3-BF4B-00C04F79EFBC}") = "GeminiTelescope", "GeminiTelescope\GeminiTelescope.csproj", "{6DD9248B-EB0E-4076-9F50-1B206B695AFB}"
EndProject
Project("{FAE04EC0-301F-11D3-BF4B-00C04F79EFBC}") = "Telescope", "Telescope\Telescope.csproj", "{12633CA2-397C-4924-B924-5BCC119B9077}"
EndProject
Project("{FAE04EC0-301F-11D3-BF4B-00C04F79EFBC}") = "Focuser", "Focuser\Focuser.csproj", "{47E68B0F-EE59-4204-9055-2B9C33E47537}"
EndProject
Project("{54435603-DBB4-11D2-8724-00A0C9A8B90C}") = "GeminiDriverSetup", "GeminiDriverSetup\GeminiDriverSetup.vdproj", "{3E77F924-91BA-4255-A659-0F7D1B83F59B}"
EndProject
Global
	GlobalSection(SolutionConfigurationPlatforms) = preSolution
		Debug|Any CPU = Debug|Any CPU
		Release|Any CPU = Release|Any CPU
	EndGlobalSection
	GlobalSection(ProjectConfigurationPlatforms) = postSolution
		{6DD9248B-EB0E-4076-9F50-1B206B695AFB}.Debug|Any CPU.ActiveCfg = Debug|Any CPU
		{6DD9248B-EB0E-4076-9F50-1B206B695AFB}.Debug|Any CPU.Build.0 = Debug|Any CPU
		{6DD9248B-EB0E-4076-9F50-1B206B695AFB}.Release|Any CPU.ActiveCfg = Release|Any CPU
		{6DD9248B-EB0E-4076-9F50-1B206B695AFB}.Release|Any CPU.Build.0 = Release|Any CPU
		{12633CA2-397C-4924-B924-5BCC119B9077}.Debug|Any CPU.ActiveCfg = Debug|Any CPU
		{12633CA2-397C-4924-B924-5BCC119B9077}.Debug|Any CPU.Build.0 = Debug|Any CPU
		{12633CA2-397C-4924-B924-5BCC119B9077}.Release|Any CPU.ActiveCfg = Release|Any CPU
		{12633CA2-397C-4924-B924-5BCC119B9077}.Release|Any CPU.Build.0 = Release|Any CPU
		{47E68B0F-EE59-4204-9055-2B9C33E47537}.Debug|Any CPU.ActiveCfg = Debug|Any CPU
		{47E68B0F-EE59-4204-9055-2B9C33E47537}.Debug|Any CPU.Build.0 = Debug|Any CPU
		{47E68B0F-EE59-4204-9055-2B9C33E47537}.Release|Any CPU.ActiveCfg = Release|Any CPU
		{47E68B0F-EE59-4204-9055-2B9C33E47537}.Release|Any CPU.Build.0 = Release|Any CPU
		{3E77F924-91BA-4255-A659-0F7D1B83F59B}.Debug|Any CPU.ActiveCfg = Debug
		{3E77F924-91BA-4255-A659-0F7D1B83F59B}.Debug|Any CPU.Build.0 = Debug
		{3E77F924-91BA-4255-A659-0F7D1B83F59B}.Release|Any CPU.ActiveCfg = Release
		{3E77F924-91BA-4255-A659-0F7D1B83F59B}.Release|Any CPU.Build.0 = Release
	EndGlobalSection
	GlobalSection(SolutionProperties) = preSolution
		HideSolutionNode = FALSE
	EndGlobalSection
EndGlobal
