
Microsoft Visual Studio Solution File, Format Version 10.00
# Visual Studio 2008
Project("{F184B08F-C81C-45F6-A57F-5ABD9991F28F}") = "VBFilterWheelSimulator", "VBFilterWheelSimulator.vbproj", "{F0654070-4450-461F-A484-58D356E1740E}"
EndProject
Global
	GlobalSection(SolutionConfigurationPlatforms) = preSolution
		Debug|Any CPU = Debug|Any CPU
		Release|Any CPU = Release|Any CPU
	EndGlobalSection
	GlobalSection(ProjectConfigurationPlatforms) = postSolution
		{F0654070-4450-461F-A484-58D356E1740E}.Debug|Any CPU.ActiveCfg = Debug|Any CPU
		{F0654070-4450-461F-A484-58D356E1740E}.Debug|Any CPU.Build.0 = Debug|Any CPU
		{F0654070-4450-461F-A484-58D356E1740E}.Release|Any CPU.ActiveCfg = Release|Any CPU
		{F0654070-4450-461F-A484-58D356E1740E}.Release|Any CPU.Build.0 = Release|Any CPU
	EndGlobalSection
	GlobalSection(SolutionProperties) = preSolution
		HideSolutionNode = FALSE
	EndGlobalSection
	GlobalSection(ExtensibilityGlobals) = postSolution
		VisualSVNWorkingCopyRoot = .
	EndGlobalSection
EndGlobal
